{
    "name": "shortener",
    "lockfileVersion": 2,
    "requires": true,
    "packages": {
        "": {
            "license": "MIT",
            "devDependencies": {
                "netlify-shortener": "^1.0.4"
            }
        },
        "node_modules/@babel/runtime": {
            "version": "7.18.6",
            "resolved": "https://artifactory.gcp.anz:443/artifactory/api/npm/npmjs-org/@babel/runtime/-/runtime-7.18.6.tgz",
            "integrity": "sha1-ah71n4ON69ZwQh+Mfyy7jal1FYA=",
            "dev": true,
            "license": "MIT",
            "dependencies": {
                "regenerator-runtime": "^0.13.4"
            },
            "engines": {
                "node": ">=6.9.0"
            }
        },
        "node_modules/arch": {
            "version": "2.2.0",
            "resolved": "https://artifactory.gcp.anz:443/artifactory/api/npm/npmjs-org/arch/-/arch-2.2.0.tgz",
            "integrity": "sha1-G8R4GPMFdk8jqzMGsL/AhsWinRE=",
            "dev": true,
            "funding": [
                {
                    "type": "github",
                    "url": "https://github.com/sponsors/feross"
                },
                {
                    "type": "patreon",
                    "url": "https://www.patreon.com/feross"
                },
                {
                    "type": "consulting",
                    "url": "https://feross.org/support"
                }
            ],
            "license": "MIT"
        },
        "node_modules/clipboardy": {
            "version": "1.2.3",
            "resolved": "https://artifactory.gcp.anz:443/artifactory/api/npm/npmjs-org/clipboardy/-/clipboardy-1.2.3.tgz",
            "integrity": "sha1-BSY2G/eHJMHyC+JI1CjjZUM8B+8=",
            "dev": true,
            "license": "MIT",
            "dependencies": {
                "arch": "^2.1.0",
                "execa": "^0.8.0"
            },
            "engines": {
                "node": ">=4"
            }
        },
        "node_modules/cross-spawn": {
            "version": "5.1.0",
            "resolved": "https://artifactory.gcp.anz:443/artifactory/api/npm/npmjs-org/cross-spawn/-/cross-spawn-5.1.0.tgz",
            "integrity": "sha1-6L0O/uWPz/b4+UUQoKVUu/ojVEk=",
            "dev": true,
            "license": "MIT",
            "dependencies": {
                "lru-cache": "^4.0.1",
                "shebang-command": "^1.2.0",
                "which": "^1.2.9"
            }
        },
        "node_modules/error-ex": {
            "version": "1.3.2",
            "resolved": "https://artifactory.gcp.anz:443/artifactory/api/npm/npmjs-org/error-ex/-/error-ex-1.3.2.tgz",
            "integrity": "sha1-tKxAZIEH/c3PriQvQovqihTU8b8=",
            "dev": true,
            "license": "MIT",
            "dependencies": {
                "is-arrayish": "^0.2.1"
            }
        },
        "node_modules/execa": {
            "version": "0.8.0",
            "resolved": "https://artifactory.gcp.anz:443/artifactory/api/npm/npmjs-org/execa/-/execa-0.8.0.tgz",
            "integrity": "sha1-2NdrvBtVIX7RkP1t1J08d07PyNo=",
            "dev": true,
            "license": "MIT",
            "dependencies": {
                "cross-spawn": "^5.0.1",
                "get-stream": "^3.0.0",
                "is-stream": "^1.1.0",
                "npm-run-path": "^2.0.0",
                "p-finally": "^1.0.0",
                "signal-exit": "^3.0.0",
                "strip-eof": "^1.0.0"
            },
            "engines": {
                "node": ">=4"
            }
        },
        "node_modules/find-up": {
            "version": "3.0.0",
            "resolved": "https://artifactory.gcp.anz:443/artifactory/api/npm/npmjs-org/find-up/-/find-up-3.0.0.tgz",
            "integrity": "sha1-SRafHXmTQwZG2mHsxa41XCHJe3M=",
            "dev": true,
            "license": "MIT",
            "dependencies": {
                "locate-path": "^3.0.0"
            },
            "engines": {
                "node": ">=6"
            }
        },
        "node_modules/function-bind": {
            "version": "1.1.1",
            "resolved": "https://artifactory.gcp.anz:443/artifactory/api/npm/npmjs-org/function-bind/-/function-bind-1.1.1.tgz",
            "integrity": "sha1-pWiZ0+o8m6uHS7l3O3xe3pL0iV0=",
            "dev": true,
            "license": "MIT"
        },
        "node_modules/get-stream": {
            "version": "3.0.0",
            "resolved": "https://artifactory.gcp.anz:443/artifactory/api/npm/npmjs-org/get-stream/-/get-stream-3.0.0.tgz",
            "integrity": "sha1-jpQ9E1jcN1VQVOy+LtsFqhdO3hQ=",
            "dev": true,
            "license": "MIT",
            "engines": {
                "node": ">=4"
            }
        },
        "node_modules/graceful-fs": {
            "version": "4.2.10",
            "resolved": "https://artifactory.gcp.anz:443/artifactory/api/npm/npmjs-org/graceful-fs/-/graceful-fs-4.2.10.tgz",
            "integrity": "sha1-FH06AG2kyjzhRyjHrvwofDZ9emw=",
            "dev": true,
            "license": "ISC"
        },
        "node_modules/has": {
            "version": "1.0.3",
            "resolved": "https://artifactory.gcp.anz:443/artifactory/api/npm/npmjs-org/has/-/has-1.0.3.tgz",
            "integrity": "sha1-ci18v8H2qoJB8W3YFOAR4fQeh5Y=",
            "dev": true,
            "license": "MIT",
            "dependencies": {
                "function-bind": "^1.1.1"
            },
            "engines": {
                "node": ">= 0.4.0"
            }
        },
        "node_modules/hosted-git-info": {
            "version": "2.8.9",
            "resolved": "https://artifactory.gcp.anz:443/artifactory/api/npm/npmjs-org/hosted-git-info/-/hosted-git-info-2.8.9.tgz",
            "integrity": "sha1-3/wL+aIcAiCQkPKqaUKeFBTa8/k=",
            "dev": true,
            "license": "ISC"
        },
        "node_modules/is-arrayish": {
            "version": "0.2.1",
            "resolved": "https://artifactory.gcp.anz:443/artifactory/api/npm/npmjs-org/is-arrayish/-/is-arrayish-0.2.1.tgz",
            "integrity": "sha1-d8mYQFJ6qOyxqLppe4BkWnqSap0=",
            "dev": true,
            "license": "MIT"
        },
        "node_modules/is-core-module": {
            "version": "2.9.0",
            "resolved": "https://artifactory.gcp.anz:443/artifactory/api/npm/npmjs-org/is-core-module/-/is-core-module-2.9.0.tgz",
            "integrity": "sha1-4cNEKc1Rxt2eCeB5njluJ7GanGk=",
            "dev": true,
            "license": "MIT",
            "dependencies": {
                "has": "^1.0.3"
            },
            "funding": {
                "url": "https://github.com/sponsors/ljharb"
            }
        },
        "node_modules/is-stream": {
            "version": "1.1.0",
            "resolved": "https://artifactory.gcp.anz:443/artifactory/api/npm/npmjs-org/is-stream/-/is-stream-1.1.0.tgz",
            "integrity": "sha1-EtSj3U5o4Lec6428hBc66A2RykQ=",
            "dev": true,
            "license": "MIT",
            "engines": {
                "node": ">=0.10.0"
            }
        },
        "node_modules/isexe": {
            "version": "2.0.0",
            "resolved": "https://artifactory.gcp.anz:443/artifactory/api/npm/npmjs-org/isexe/-/isexe-2.0.0.tgz",
            "integrity": "sha1-6PvzdNxVb/iUehDcsFctYz8s+hA=",
            "dev": true,
            "license": "ISC"
        },
        "node_modules/json-parse-better-errors": {
            "version": "1.0.2",
            "resolved": "https://artifactory.gcp.anz:443/artifactory/api/npm/npmjs-org/json-parse-better-errors/-/json-parse-better-errors-1.0.2.tgz",
            "integrity": "sha1-u4Z8+zRQ5pEHwTHRxRS6s9yLyqk=",
            "dev": true,
            "license": "MIT"
        },
        "node_modules/load-json-file": {
            "version": "4.0.0",
            "resolved": "https://artifactory.gcp.anz:443/artifactory/api/npm/npmjs-org/load-json-file/-/load-json-file-4.0.0.tgz",
            "integrity": "sha1-L19Fq5HjMhYjT9U62rZo607AmTs=",
            "dev": true,
            "license": "MIT",
            "dependencies": {
                "graceful-fs": "^4.1.2",
                "parse-json": "^4.0.0",
                "pify": "^3.0.0",
                "strip-bom": "^3.0.0"
            },
            "engines": {
                "node": ">=4"
            }
        },
        "node_modules/locate-path": {
            "version": "3.0.0",
            "resolved": "https://artifactory.gcp.anz:443/artifactory/api/npm/npmjs-org/locate-path/-/locate-path-3.0.0.tgz",
            "integrity": "sha1-2+w7OrdZdYBxtY/ln8QYca8hQA4=",
            "dev": true,
            "license": "MIT",
            "dependencies": {
                "p-locate": "^3.0.0",
                "path-exists": "^3.0.0"
            },
            "engines": {
                "node": ">=6"
            }
        },
        "node_modules/lru-cache": {
            "version": "4.1.5",
            "resolved": "https://artifactory.gcp.anz:443/artifactory/api/npm/npmjs-org/lru-cache/-/lru-cache-4.1.5.tgz",
            "integrity": "sha1-i75Q6oW+1ZvJ4z3KuCNe6bz0Q80=",
            "dev": true,
            "license": "ISC",
            "dependencies": {
                "pseudomap": "^1.0.2",
                "yallist": "^2.1.2"
            }
        },
        "node_modules/netlify-shortener": {
            "version": "1.0.4",
            "resolved": "https://artifactory.gcp.anz:443/artifactory/api/npm/npmjs-org/netlify-shortener/-/netlify-shortener-1.0.4.tgz",
            "integrity": "sha1-Imt0k+SxdS/nISXeRM+p+hal9uk=",
            "dev": true,
            "license": "MIT",
            "dependencies": {
                "@babel/runtime": "^7.2.0",
                "clipboardy": "^1.2.3",
                "read-pkg-up": "^4.0.0"
            },
            "bin": {
                "netlify-shortener": "dist/index.js"
            },
            "engines": {
                "node": ">=8",
                "npm": ">=6"
            }
        },
        "node_modules/normalize-package-data": {
            "version": "2.5.0",
            "resolved": "https://artifactory.gcp.anz:443/artifactory/api/npm/npmjs-org/normalize-package-data/-/normalize-package-data-2.5.0.tgz",
            "integrity": "sha1-5m2xg4sgDB38IzIl0SyzZSDiNKg=",
            "dev": true,
            "license": "BSD-2-Clause",
            "dependencies": {
                "hosted-git-info": "^2.1.4",
                "resolve": "^1.10.0",
                "semver": "2 || 3 || 4 || 5",
                "validate-npm-package-license": "^3.0.1"
            }
        },
        "node_modules/npm-run-path": {
            "version": "2.0.2",
            "resolved": "https://artifactory.gcp.anz:443/artifactory/api/npm/npmjs-org/npm-run-path/-/npm-run-path-2.0.2.tgz",
            "integrity": "sha1-NakjLfo11wZ7TLLd8jV7GHFTbF8=",
            "dev": true,
            "license": "MIT",
            "dependencies": {
                "path-key": "^2.0.0"
            },
            "engines": {
                "node": ">=4"
            }
        },
        "node_modules/p-finally": {
            "version": "1.0.0",
            "resolved": "https://artifactory.gcp.anz:443/artifactory/api/npm/npmjs-org/p-finally/-/p-finally-1.0.0.tgz",
            "integrity": "sha1-P7z7FbiZpEEjs0ttzBi3JDNqLK4=",
            "dev": true,
            "license": "MIT",
            "engines": {
                "node": ">=4"
            }
        },
        "node_modules/p-limit": {
            "version": "2.3.0",
            "resolved": "https://artifactory.gcp.anz:443/artifactory/api/npm/npmjs-org/p-limit/-/p-limit-2.3.0.tgz",
            "integrity": "sha1-PdM8ZHohT9//2DWTPrCG2g3CHbE=",
            "dev": true,
            "license": "MIT",
            "dependencies": {
                "p-try": "^2.0.0"
            },
            "engines": {
                "node": ">=6"
            },
            "funding": {
                "url": "https://github.com/sponsors/sindresorhus"
            }
        },
        "node_modules/p-locate": {
            "version": "3.0.0",
            "resolved": "https://artifactory.gcp.anz:443/artifactory/api/npm/npmjs-org/p-locate/-/p-locate-3.0.0.tgz",
            "integrity": "sha1-Mi1poFwCZLJZl9n0DNiokasAZKQ=",
            "dev": true,
            "license": "MIT",
            "dependencies": {
                "p-limit": "^2.0.0"
            },
            "engines": {
                "node": ">=6"
            }
        },
        "node_modules/p-try": {
            "version": "2.2.0",
            "resolved": "https://artifactory.gcp.anz:443/artifactory/api/npm/npmjs-org/p-try/-/p-try-2.2.0.tgz",
            "integrity": "sha1-yyhoVA4xPWHeWPr741zpAE1VQOY=",
            "dev": true,
            "license": "MIT",
            "engines": {
                "node": ">=6"
            }
        },
        "node_modules/parse-json": {
            "version": "4.0.0",
            "resolved": "https://artifactory.gcp.anz:443/artifactory/api/npm/npmjs-org/parse-json/-/parse-json-4.0.0.tgz",
            "integrity": "sha1-vjX1Qlvh9/bHRxhPmKeIy5lHfuA=",
            "dev": true,
            "license": "MIT",
            "dependencies": {
                "error-ex": "^1.3.1",
                "json-parse-better-errors": "^1.0.1"
            },
            "engines": {
                "node": ">=4"
            }
        },
        "node_modules/path-exists": {
            "version": "3.0.0",
            "resolved": "https://artifactory.gcp.anz:443/artifactory/api/npm/npmjs-org/path-exists/-/path-exists-3.0.0.tgz",
            "integrity": "sha1-zg6+ql94yxiSXqfYENe1mwEP1RU=",
            "dev": true,
            "license": "MIT",
            "engines": {
                "node": ">=4"
            }
        },
        "node_modules/path-key": {
            "version": "2.0.1",
            "resolved": "https://artifactory.gcp.anz:443/artifactory/api/npm/npmjs-org/path-key/-/path-key-2.0.1.tgz",
            "integrity": "sha1-QRyttXTFoUDTpLGRDUDYDMn0C0A=",
            "dev": true,
            "license": "MIT",
            "engines": {
                "node": ">=4"
            }
        },
        "node_modules/path-parse": {
            "version": "1.0.7",
            "resolved": "https://artifactory.gcp.anz:443/artifactory/api/npm/npmjs-org/path-parse/-/path-parse-1.0.7.tgz",
            "integrity": "sha1-+8EUtgykKzDZ2vWFjkvWi77bZzU=",
            "dev": true,
            "license": "MIT"
        },
        "node_modules/path-type": {
            "version": "3.0.0",
            "resolved": "https://artifactory.gcp.anz:443/artifactory/api/npm/npmjs-org/path-type/-/path-type-3.0.0.tgz",
            "integrity": "sha1-zvMdyOCho7sNEFwM2Xzzv0f0428=",
            "dev": true,
            "license": "MIT",
            "dependencies": {
                "pify": "^3.0.0"
            },
            "engines": {
                "node": ">=4"
            }
        },
        "node_modules/pify": {
            "version": "3.0.0",
            "resolved": "https://artifactory.gcp.anz:443/artifactory/api/npm/npmjs-org/pify/-/pify-3.0.0.tgz",
            "integrity": "sha1-5aSs0sEB/fPZpNB/DbxNtJ3SgXY=",
            "dev": true,
            "license": "MIT",
            "engines": {
                "node": ">=4"
            }
        },
        "node_modules/pseudomap": {
            "version": "1.0.2",
            "resolved": "https://artifactory.gcp.anz:443/artifactory/api/npm/npmjs-org/pseudomap/-/pseudomap-1.0.2.tgz",
            "integrity": "sha1-8FKijacOYYkX7wqKw0wa5aaChrM=",
            "dev": true,
            "license": "ISC"
        },
        "node_modules/read-pkg": {
            "version": "3.0.0",
            "resolved": "https://artifactory.gcp.anz:443/artifactory/api/npm/npmjs-org/read-pkg/-/read-pkg-3.0.0.tgz",
            "integrity": "sha1-nLxoaXj+5l0WwA4rGcI3/Pbjg4k=",
            "dev": true,
            "license": "MIT",
            "dependencies": {
                "load-json-file": "^4.0.0",
                "normalize-package-data": "^2.3.2",
                "path-type": "^3.0.0"
            },
            "engines": {
                "node": ">=4"
            }
        },
        "node_modules/read-pkg-up": {
            "version": "4.0.0",
            "resolved": "https://artifactory.gcp.anz:443/artifactory/api/npm/npmjs-org/read-pkg-up/-/read-pkg-up-4.0.0.tgz",
            "integrity": "sha1-GyIcYIi6d5lgHICPkRYcZuWPiXg=",
            "dev": true,
            "license": "MIT",
            "dependencies": {
                "find-up": "^3.0.0",
                "read-pkg": "^3.0.0"
            },
            "engines": {
                "node": ">=6"
            }
        },
        "node_modules/regenerator-runtime": {
            "version": "0.13.9",
            "resolved": "https://artifactory.gcp.anz:443/artifactory/api/npm/npmjs-org/regenerator-runtime/-/regenerator-runtime-0.13.9.tgz",
            "integrity": "sha1-iSV0Kpj/2QgUmI11Zq0wyjsmO1I=",
            "dev": true,
            "license": "MIT"
        },
        "node_modules/resolve": {
            "version": "1.22.1",
            "resolved": "https://artifactory.gcp.anz:443/artifactory/api/npm/npmjs-org/resolve/-/resolve-1.22.1.tgz",
            "integrity": "sha1-J8suu1P5GrtJRwqSi7p1WAZqwXc=",
            "dev": true,
            "license": "MIT",
            "dependencies": {
                "is-core-module": "^2.9.0",
                "path-parse": "^1.0.7",
                "supports-preserve-symlinks-flag": "^1.0.0"
            },
            "bin": {
                "resolve": "bin/resolve"
            },
            "funding": {
                "url": "https://github.com/sponsors/ljharb"
            }
        },
        "node_modules/semver": {
            "version": "5.7.1",
            "resolved": "https://artifactory.gcp.anz:443/artifactory/api/npm/npmjs-org/semver/-/semver-5.7.1.tgz",
            "integrity": "sha1-qVT5Ma66UI0we78Gnv8MAclhFvc=",
            "dev": true,
            "license": "ISC",
            "bin": {
                "semver": "bin/semver"
            }
        },
        "node_modules/shebang-command": {
            "version": "1.2.0",
            "resolved": "https://artifactory.gcp.anz:443/artifactory/api/npm/npmjs-org/shebang-command/-/shebang-command-1.2.0.tgz",
            "integrity": "sha1-RKrGW2lbAzmJaMOfNj/uXer98eo=",
            "dev": true,
            "license": "MIT",
            "dependencies": {
                "shebang-regex": "^1.0.0"
            },
            "engines": {
                "node": ">=0.10.0"
            }
        },
        "node_modules/shebang-regex": {
            "version": "1.0.0",
            "resolved": "https://artifactory.gcp.anz:443/artifactory/api/npm/npmjs-org/shebang-regex/-/shebang-regex-1.0.0.tgz",
            "integrity": "sha1-2kL0l0DAtC2yypcoVxyxkMmO/qM=",
            "dev": true,
            "license": "MIT",
            "engines": {
                "node": ">=0.10.0"
            }
        },
        "node_modules/signal-exit": {
            "version": "3.0.7",
            "resolved": "https://artifactory.gcp.anz:443/artifactory/api/npm/npmjs-org/signal-exit/-/signal-exit-3.0.7.tgz",
            "integrity": "sha1-qaF2f4r4QVURTqq9c/mSc8j1mtk=",
            "dev": true,
            "license": "ISC"
        },
        "node_modules/spdx-correct": {
            "version": "3.1.1",
            "resolved": "https://artifactory.gcp.anz:443/artifactory/api/npm/npmjs-org/spdx-correct/-/spdx-correct-3.1.1.tgz",
            "integrity": "sha1-3s6BrJweZxPl99G28X1Gj6U9iak=",
            "dev": true,
            "license": "Apache-2.0",
            "dependencies": {
                "spdx-expression-parse": "^3.0.0",
                "spdx-license-ids": "^3.0.0"
            }
        },
        "node_modules/spdx-exceptions": {
            "version": "2.3.0",
            "resolved": "https://artifactory.gcp.anz:443/artifactory/api/npm/npmjs-org/spdx-exceptions/-/spdx-exceptions-2.3.0.tgz",
            "integrity": "sha1-PyjOGnegA3JoPq3kpDMYNSeiFj0=",
            "dev": true,
            "license": "CC-BY-3.0"
        },
        "node_modules/spdx-expression-parse": {
            "version": "3.0.1",
            "resolved": "https://artifactory.gcp.anz:443/artifactory/api/npm/npmjs-org/spdx-expression-parse/-/spdx-expression-parse-3.0.1.tgz",
            "integrity": "sha1-z3D1BILu/cmOPOCmgz5KU87rpnk=",
            "dev": true,
            "license": "MIT",
            "dependencies": {
                "spdx-exceptions": "^2.1.0",
                "spdx-license-ids": "^3.0.0"
            }
        },
        "node_modules/spdx-license-ids": {
            "version": "3.0.11",
            "resolved": "https://artifactory.gcp.anz:443/artifactory/api/npm/npmjs-org/spdx-license-ids/-/spdx-license-ids-3.0.11.tgz",
            "integrity": "sha1-UMDYxAoU7Bv0Sbrmmg6kaFqdn5U=",
            "dev": true,
            "license": "CC0-1.0"
        },
        "node_modules/strip-bom": {
            "version": "3.0.0",
            "resolved": "https://artifactory.gcp.anz:443/artifactory/api/npm/npmjs-org/strip-bom/-/strip-bom-3.0.0.tgz",
            "integrity": "sha1-IzTBjpx1n3vdVv3vfprj1YjmjtM=",
            "dev": true,
            "license": "MIT",
            "engines": {
                "node": ">=4"
            }
        },
        "node_modules/strip-eof": {
            "version": "1.0.0",
            "resolved": "https://artifactory.gcp.anz:443/artifactory/api/npm/npmjs-org/strip-eof/-/strip-eof-1.0.0.tgz",
            "integrity": "sha1-u0P/VZim6wXYm1n80SnJgzE2Br8=",
            "dev": true,
            "license": "MIT",
            "engines": {
                "node": ">=0.10.0"
            }
        },
        "node_modules/supports-preserve-symlinks-flag": {
            "version": "1.0.0",
            "resolved": "https://artifactory.gcp.anz:443/artifactory/api/npm/npmjs-org/supports-preserve-symlinks-flag/-/supports-preserve-symlinks-flag-1.0.0.tgz",
            "integrity": "sha1-btpL00SjyUrqN21MwxvHcxEDngk=",
            "dev": true,
            "license": "MIT",
            "engines": {
                "node": ">= 0.4"
            },
            "funding": {
                "url": "https://github.com/sponsors/ljharb"
            }
        },
        "node_modules/validate-npm-package-license": {
            "version": "3.0.4",
            "resolved": "https://artifactory.gcp.anz:443/artifactory/api/npm/npmjs-org/validate-npm-package-license/-/validate-npm-package-license-3.0.4.tgz",
            "integrity": "sha1-/JH2uce6FchX9MssXe/uw51PQQo=",
            "dev": true,
            "license": "Apache-2.0",
            "dependencies": {
                "spdx-correct": "^3.0.0",
                "spdx-expression-parse": "^3.0.0"
            }
        },
        "node_modules/which": {
            "version": "1.3.1",
            "resolved": "https://artifactory.gcp.anz:443/artifactory/api/npm/npmjs-org/which/-/which-1.3.1.tgz",
            "integrity": "sha1-pFBD1U9YBTFtqNYvn1CRjT2nCwo=",
            "dev": true,
            "license": "ISC",
            "dependencies": {
                "isexe": "^2.0.0"
            },
            "bin": {
                "which": "bin/which"
            }
        },
        "node_modules/yallist": {
            "version": "2.1.2",
            "resolved": "https://artifactory.gcp.anz:443/artifactory/api/npm/npmjs-org/yallist/-/yallist-2.1.2.tgz",
            "integrity": "sha1-HBH5IY8HYImkfdUS+TxmmaaoHVI=",
            "dev": true,
            "license": "ISC"
        }
    },
    "dependencies": {
        "@babel/runtime": {
            "version": "7.18.6",
            "resolved": "https://artifactory.gcp.anz:443/artifactory/api/npm/npmjs-org/@babel/runtime/-/runtime-7.18.6.tgz",
            "integrity": "sha1-ah71n4ON69ZwQh+Mfyy7jal1FYA=",
            "dev": true,
            "requires": {
                "regenerator-runtime": "^0.13.4"
            }
        },
        "arch": {
            "version": "2.2.0",
            "resolved": "https://artifactory.gcp.anz:443/artifactory/api/npm/npmjs-org/arch/-/arch-2.2.0.tgz",
            "integrity": "sha1-G8R4GPMFdk8jqzMGsL/AhsWinRE=",
            "dev": true
        },
        "clipboardy": {
            "version": "1.2.3",
            "resolved": "https://artifactory.gcp.anz:443/artifactory/api/npm/npmjs-org/clipboardy/-/clipboardy-1.2.3.tgz",
            "integrity": "sha1-BSY2G/eHJMHyC+JI1CjjZUM8B+8=",
            "dev": true,
            "requires": {
                "arch": "^2.1.0",
                "execa": "^0.8.0"
            }
        },
        "cross-spawn": {
            "version": "5.1.0",
            "resolved": "https://artifactory.gcp.anz:443/artifactory/api/npm/npmjs-org/cross-spawn/-/cross-spawn-5.1.0.tgz",
            "integrity": "sha1-6L0O/uWPz/b4+UUQoKVUu/ojVEk=",
            "dev": true,
            "requires": {
                "lru-cache": "^4.0.1",
                "shebang-command": "^1.2.0",
                "which": "^1.2.9"
            }
        },
        "error-ex": {
            "version": "1.3.2",
            "resolved": "https://artifactory.gcp.anz:443/artifactory/api/npm/npmjs-org/error-ex/-/error-ex-1.3.2.tgz",
            "integrity": "sha1-tKxAZIEH/c3PriQvQovqihTU8b8=",
            "dev": true,
            "requires": {
                "is-arrayish": "^0.2.1"
            }
        },
        "execa": {
            "version": "0.8.0",
            "resolved": "https://artifactory.gcp.anz:443/artifactory/api/npm/npmjs-org/execa/-/execa-0.8.0.tgz",
            "integrity": "sha1-2NdrvBtVIX7RkP1t1J08d07PyNo=",
            "dev": true,
            "requires": {
                "cross-spawn": "^5.0.1",
                "get-stream": "^3.0.0",
                "is-stream": "^1.1.0",
                "npm-run-path": "^2.0.0",
                "p-finally": "^1.0.0",
                "signal-exit": "^3.0.0",
                "strip-eof": "^1.0.0"
            }
        },
        "find-up": {
            "version": "3.0.0",
            "resolved": "https://artifactory.gcp.anz:443/artifactory/api/npm/npmjs-org/find-up/-/find-up-3.0.0.tgz",
            "integrity": "sha1-SRafHXmTQwZG2mHsxa41XCHJe3M=",
            "dev": true,
            "requires": {
                "locate-path": "^3.0.0"
            }
        },
        "function-bind": {
            "version": "1.1.1",
            "resolved": "https://artifactory.gcp.anz:443/artifactory/api/npm/npmjs-org/function-bind/-/function-bind-1.1.1.tgz",
            "integrity": "sha1-pWiZ0+o8m6uHS7l3O3xe3pL0iV0=",
            "dev": true
        },
        "get-stream": {
            "version": "3.0.0",
            "resolved": "https://artifactory.gcp.anz:443/artifactory/api/npm/npmjs-org/get-stream/-/get-stream-3.0.0.tgz",
            "integrity": "sha1-jpQ9E1jcN1VQVOy+LtsFqhdO3hQ=",
            "dev": true
        },
        "graceful-fs": {
            "version": "4.2.10",
            "resolved": "https://artifactory.gcp.anz:443/artifactory/api/npm/npmjs-org/graceful-fs/-/graceful-fs-4.2.10.tgz",
            "integrity": "sha1-FH06AG2kyjzhRyjHrvwofDZ9emw=",
            "dev": true
        },
        "has": {
            "version": "1.0.3",
            "resolved": "https://artifactory.gcp.anz:443/artifactory/api/npm/npmjs-org/has/-/has-1.0.3.tgz",
            "integrity": "sha1-ci18v8H2qoJB8W3YFOAR4fQeh5Y=",
            "dev": true,
            "requires": {
                "function-bind": "^1.1.1"
            }
        },
        "hosted-git-info": {
            "version": "2.8.9",
            "resolved": "https://artifactory.gcp.anz:443/artifactory/api/npm/npmjs-org/hosted-git-info/-/hosted-git-info-2.8.9.tgz",
            "integrity": "sha1-3/wL+aIcAiCQkPKqaUKeFBTa8/k=",
            "dev": true
        },
        "is-arrayish": {
            "version": "0.2.1",
            "resolved": "https://artifactory.gcp.anz:443/artifactory/api/npm/npmjs-org/is-arrayish/-/is-arrayish-0.2.1.tgz",
            "integrity": "sha1-d8mYQFJ6qOyxqLppe4BkWnqSap0=",
            "dev": true
        },
        "is-core-module": {
            "version": "2.9.0",
            "resolved": "https://artifactory.gcp.anz:443/artifactory/api/npm/npmjs-org/is-core-module/-/is-core-module-2.9.0.tgz",
            "integrity": "sha1-4cNEKc1Rxt2eCeB5njluJ7GanGk=",
            "dev": true,
            "requires": {
                "has": "^1.0.3"
            }
        },
        "is-stream": {
            "version": "1.1.0",
            "resolved": "https://artifactory.gcp.anz:443/artifactory/api/npm/npmjs-org/is-stream/-/is-stream-1.1.0.tgz",
            "integrity": "sha1-EtSj3U5o4Lec6428hBc66A2RykQ=",
            "dev": true
        },
        "isexe": {
            "version": "2.0.0",
            "resolved": "https://artifactory.gcp.anz:443/artifactory/api/npm/npmjs-org/isexe/-/isexe-2.0.0.tgz",
            "integrity": "sha1-6PvzdNxVb/iUehDcsFctYz8s+hA=",
            "dev": true
        },
        "json-parse-better-errors": {
            "version": "1.0.2",
            "resolved": "https://artifactory.gcp.anz:443/artifactory/api/npm/npmjs-org/json-parse-better-errors/-/json-parse-better-errors-1.0.2.tgz",
            "integrity": "sha1-u4Z8+zRQ5pEHwTHRxRS6s9yLyqk=",
            "dev": true
        },
        "load-json-file": {
            "version": "4.0.0",
            "resolved": "https://artifactory.gcp.anz:443/artifactory/api/npm/npmjs-org/load-json-file/-/load-json-file-4.0.0.tgz",
            "integrity": "sha1-L19Fq5HjMhYjT9U62rZo607AmTs=",
            "dev": true,
            "requires": {
                "graceful-fs": "^4.1.2",
                "parse-json": "^4.0.0",
                "pify": "^3.0.0",
                "strip-bom": "^3.0.0"
            }
        },
        "locate-path": {
            "version": "3.0.0",
            "resolved": "https://artifactory.gcp.anz:443/artifactory/api/npm/npmjs-org/locate-path/-/locate-path-3.0.0.tgz",
            "integrity": "sha1-2+w7OrdZdYBxtY/ln8QYca8hQA4=",
            "dev": true,
            "requires": {
                "p-locate": "^3.0.0",
                "path-exists": "^3.0.0"
            }
        },
        "lru-cache": {
            "version": "4.1.5",
            "resolved": "https://artifactory.gcp.anz:443/artifactory/api/npm/npmjs-org/lru-cache/-/lru-cache-4.1.5.tgz",
            "integrity": "sha1-i75Q6oW+1ZvJ4z3KuCNe6bz0Q80=",
            "dev": true,
            "requires": {
                "pseudomap": "^1.0.2",
                "yallist": "^2.1.2"
            }
        },
        "netlify-shortener": {
            "version": "1.0.4",
            "resolved": "https://artifactory.gcp.anz:443/artifactory/api/npm/npmjs-org/netlify-shortener/-/netlify-shortener-1.0.4.tgz",
            "integrity": "sha1-Imt0k+SxdS/nISXeRM+p+hal9uk=",
            "dev": true,
            "requires": {
                "@babel/runtime": "^7.2.0",
                "clipboardy": "^1.2.3",
                "read-pkg-up": "^4.0.0"
            }
        },
        "normalize-package-data": {
            "version": "2.5.0",
            "resolved": "https://artifactory.gcp.anz:443/artifactory/api/npm/npmjs-org/normalize-package-data/-/normalize-package-data-2.5.0.tgz",
            "integrity": "sha1-5m2xg4sgDB38IzIl0SyzZSDiNKg=",
            "dev": true,
            "requires": {
                "hosted-git-info": "^2.1.4",
                "resolve": "^1.10.0",
                "semver": "2 || 3 || 4 || 5",
                "validate-npm-package-license": "^3.0.1"
            }
        },
        "npm-run-path": {
            "version": "2.0.2",
            "resolved": "https://artifactory.gcp.anz:443/artifactory/api/npm/npmjs-org/npm-run-path/-/npm-run-path-2.0.2.tgz",
            "integrity": "sha1-NakjLfo11wZ7TLLd8jV7GHFTbF8=",
            "dev": true,
            "requires": {
                "path-key": "^2.0.0"
            }
        },
        "p-finally": {
            "version": "1.0.0",
            "resolved": "https://artifactory.gcp.anz:443/artifactory/api/npm/npmjs-org/p-finally/-/p-finally-1.0.0.tgz",
            "integrity": "sha1-P7z7FbiZpEEjs0ttzBi3JDNqLK4=",
            "dev": true
        },
        "p-limit": {
            "version": "2.3.0",
            "resolved": "https://artifactory.gcp.anz:443/artifactory/api/npm/npmjs-org/p-limit/-/p-limit-2.3.0.tgz",
            "integrity": "sha1-PdM8ZHohT9//2DWTPrCG2g3CHbE=",
            "dev": true,
            "requires": {
                "p-try": "^2.0.0"
            }
        },
        "p-locate": {
            "version": "3.0.0",
            "resolved": "https://artifactory.gcp.anz:443/artifactory/api/npm/npmjs-org/p-locate/-/p-locate-3.0.0.tgz",
            "integrity": "sha1-Mi1poFwCZLJZl9n0DNiokasAZKQ=",
            "dev": true,
            "requires": {
                "p-limit": "^2.0.0"
            }
        },
        "p-try": {
            "version": "2.2.0",
            "resolved": "https://artifactory.gcp.anz:443/artifactory/api/npm/npmjs-org/p-try/-/p-try-2.2.0.tgz",
            "integrity": "sha1-yyhoVA4xPWHeWPr741zpAE1VQOY=",
            "dev": true
        },
        "parse-json": {
            "version": "4.0.0",
            "resolved": "https://artifactory.gcp.anz:443/artifactory/api/npm/npmjs-org/parse-json/-/parse-json-4.0.0.tgz",
            "integrity": "sha1-vjX1Qlvh9/bHRxhPmKeIy5lHfuA=",
            "dev": true,
            "requires": {
                "error-ex": "^1.3.1",
                "json-parse-better-errors": "^1.0.1"
            }
        },
        "path-exists": {
            "version": "3.0.0",
            "resolved": "https://artifactory.gcp.anz:443/artifactory/api/npm/npmjs-org/path-exists/-/path-exists-3.0.0.tgz",
            "integrity": "sha1-zg6+ql94yxiSXqfYENe1mwEP1RU=",
            "dev": true
        },
        "path-key": {
            "version": "2.0.1",
            "resolved": "https://artifactory.gcp.anz:443/artifactory/api/npm/npmjs-org/path-key/-/path-key-2.0.1.tgz",
            "integrity": "sha1-QRyttXTFoUDTpLGRDUDYDMn0C0A=",
            "dev": true
        },
        "path-parse": {
            "version": "1.0.7",
            "resolved": "https://artifactory.gcp.anz:443/artifactory/api/npm/npmjs-org/path-parse/-/path-parse-1.0.7.tgz",
            "integrity": "sha1-+8EUtgykKzDZ2vWFjkvWi77bZzU=",
            "dev": true
        },
        "path-type": {
            "version": "3.0.0",
            "resolved": "https://artifactory.gcp.anz:443/artifactory/api/npm/npmjs-org/path-type/-/path-type-3.0.0.tgz",
            "integrity": "sha1-zvMdyOCho7sNEFwM2Xzzv0f0428=",
            "dev": true,
            "requires": {
                "pify": "^3.0.0"
            }
        },
        "pify": {
            "version": "3.0.0",
            "resolved": "https://artifactory.gcp.anz:443/artifactory/api/npm/npmjs-org/pify/-/pify-3.0.0.tgz",
            "integrity": "sha1-5aSs0sEB/fPZpNB/DbxNtJ3SgXY=",
            "dev": true
        },
        "pseudomap": {
            "version": "1.0.2",
            "resolved": "https://artifactory.gcp.anz:443/artifactory/api/npm/npmjs-org/pseudomap/-/pseudomap-1.0.2.tgz",
            "integrity": "sha1-8FKijacOYYkX7wqKw0wa5aaChrM=",
            "dev": true
        },
        "read-pkg": {
            "version": "3.0.0",
            "resolved": "https://artifactory.gcp.anz:443/artifactory/api/npm/npmjs-org/read-pkg/-/read-pkg-3.0.0.tgz",
            "integrity": "sha1-nLxoaXj+5l0WwA4rGcI3/Pbjg4k=",
            "dev": true,
            "requires": {
                "load-json-file": "^4.0.0",
                "normalize-package-data": "^2.3.2",
                "path-type": "^3.0.0"
            }
        },
        "read-pkg-up": {
            "version": "4.0.0",
            "resolved": "https://artifactory.gcp.anz:443/artifactory/api/npm/npmjs-org/read-pkg-up/-/read-pkg-up-4.0.0.tgz",
            "integrity": "sha1-GyIcYIi6d5lgHICPkRYcZuWPiXg=",
            "dev": true,
            "requires": {
                "find-up": "^3.0.0",
                "read-pkg": "^3.0.0"
            }
        },
        "regenerator-runtime": {
            "version": "0.13.9",
            "resolved": "https://artifactory.gcp.anz:443/artifactory/api/npm/npmjs-org/regenerator-runtime/-/regenerator-runtime-0.13.9.tgz",
            "integrity": "sha1-iSV0Kpj/2QgUmI11Zq0wyjsmO1I=",
            "dev": true
        },
        "resolve": {
            "version": "1.22.1",
            "resolved": "https://artifactory.gcp.anz:443/artifactory/api/npm/npmjs-org/resolve/-/resolve-1.22.1.tgz",
            "integrity": "sha1-J8suu1P5GrtJRwqSi7p1WAZqwXc=",
            "dev": true,
            "requires": {
                "is-core-module": "^2.9.0",
                "path-parse": "^1.0.7",
                "supports-preserve-symlinks-flag": "^1.0.0"
            }
        },
        "semver": {
            "version": "5.7.1",
            "resolved": "https://artifactory.gcp.anz:443/artifactory/api/npm/npmjs-org/semver/-/semver-5.7.1.tgz",
            "integrity": "sha1-qVT5Ma66UI0we78Gnv8MAclhFvc=",
            "dev": true
        },
        "shebang-command": {
            "version": "1.2.0",
            "resolved": "https://artifactory.gcp.anz:443/artifactory/api/npm/npmjs-org/shebang-command/-/shebang-command-1.2.0.tgz",
            "integrity": "sha1-RKrGW2lbAzmJaMOfNj/uXer98eo=",
            "dev": true,
            "requires": {
                "shebang-regex": "^1.0.0"
            }
        },
        "shebang-regex": {
            "version": "1.0.0",
            "resolved": "https://artifactory.gcp.anz:443/artifactory/api/npm/npmjs-org/shebang-regex/-/shebang-regex-1.0.0.tgz",
            "integrity": "sha1-2kL0l0DAtC2yypcoVxyxkMmO/qM=",
            "dev": true
        },
        "signal-exit": {
            "version": "3.0.7",
            "resolved": "https://artifactory.gcp.anz:443/artifactory/api/npm/npmjs-org/signal-exit/-/signal-exit-3.0.7.tgz",
            "integrity": "sha1-qaF2f4r4QVURTqq9c/mSc8j1mtk=",
            "dev": true
        },
        "spdx-correct": {
            "version": "3.1.1",
            "resolved": "https://artifactory.gcp.anz:443/artifactory/api/npm/npmjs-org/spdx-correct/-/spdx-correct-3.1.1.tgz",
            "integrity": "sha1-3s6BrJweZxPl99G28X1Gj6U9iak=",
            "dev": true,
            "requires": {
                "spdx-expression-parse": "^3.0.0",
                "spdx-license-ids": "^3.0.0"
            }
        },
        "spdx-exceptions": {
            "version": "2.3.0",
            "resolved": "https://artifactory.gcp.anz:443/artifactory/api/npm/npmjs-org/spdx-exceptions/-/spdx-exceptions-2.3.0.tgz",
            "integrity": "sha1-PyjOGnegA3JoPq3kpDMYNSeiFj0=",
            "dev": true
        },
        "spdx-expression-parse": {
            "version": "3.0.1",
            "resolved": "https://artifactory.gcp.anz:443/artifactory/api/npm/npmjs-org/spdx-expression-parse/-/spdx-expression-parse-3.0.1.tgz",
            "integrity": "sha1-z3D1BILu/cmOPOCmgz5KU87rpnk=",
            "dev": true,
            "requires": {
                "spdx-exceptions": "^2.1.0",
                "spdx-license-ids": "^3.0.0"
            }
        },
        "spdx-license-ids": {
            "version": "3.0.11",
            "resolved": "https://artifactory.gcp.anz:443/artifactory/api/npm/npmjs-org/spdx-license-ids/-/spdx-license-ids-3.0.11.tgz",
            "integrity": "sha1-UMDYxAoU7Bv0Sbrmmg6kaFqdn5U=",
            "dev": true
        },
        "strip-bom": {
            "version": "3.0.0",
            "resolved": "https://artifactory.gcp.anz:443/artifactory/api/npm/npmjs-org/strip-bom/-/strip-bom-3.0.0.tgz",
            "integrity": "sha1-IzTBjpx1n3vdVv3vfprj1YjmjtM=",
            "dev": true
        },
        "strip-eof": {
            "version": "1.0.0",
            "resolved": "https://artifactory.gcp.anz:443/artifactory/api/npm/npmjs-org/strip-eof/-/strip-eof-1.0.0.tgz",
            "integrity": "sha1-u0P/VZim6wXYm1n80SnJgzE2Br8=",
            "dev": true
        },
        "supports-preserve-symlinks-flag": {
            "version": "1.0.0",
            "resolved": "https://artifactory.gcp.anz:443/artifactory/api/npm/npmjs-org/supports-preserve-symlinks-flag/-/supports-preserve-symlinks-flag-1.0.0.tgz",
            "integrity": "sha1-btpL00SjyUrqN21MwxvHcxEDngk=",
            "dev": true
        },
        "validate-npm-package-license": {
            "version": "3.0.4",
            "resolved": "https://artifactory.gcp.anz:443/artifactory/api/npm/npmjs-org/validate-npm-package-license/-/validate-npm-package-license-3.0.4.tgz",
            "integrity": "sha1-/JH2uce6FchX9MssXe/uw51PQQo=",
            "dev": true,
            "requires": {
                "spdx-correct": "^3.0.0",
                "spdx-expression-parse": "^3.0.0"
            }
        },
        "which": {
            "version": "1.3.1",
            "resolved": "https://artifactory.gcp.anz:443/artifactory/api/npm/npmjs-org/which/-/which-1.3.1.tgz",
            "integrity": "sha1-pFBD1U9YBTFtqNYvn1CRjT2nCwo=",
            "dev": true,
            "requires": {
                "isexe": "^2.0.0"
            }
        },
        "yallist": {
            "version": "2.1.2",
            "resolved": "https://artifactory.gcp.anz:443/artifactory/api/npm/npmjs-org/yallist/-/yallist-2.1.2.tgz",
            "integrity": "sha1-HBH5IY8HYImkfdUS+TxmmaaoHVI=",
            "dev": true
        }
    }
}
